
Microsoft Visual Studio Solution File, Format Version 11.00
# Visual Studio 2010
Project("{FAE04EC0-301F-11D3-BF4B-00C04F79EFBC}") = "Assembly-CSharp-firstpass", "Assembly-CSharp-firstpass.csproj", "{85BE06DE-60B1-2662-6B7F-4C0D98A93E7E}"
EndProject
Project("{FAE04EC0-301F-11D3-BF4B-00C04F79EFBC}") = "Assembly-CSharp", "Assembly-CSharp.csproj", "{82290C5B-09E6-AFA5-E8D5-296B565C0305}"
EndProject
Project("{FAE04EC0-301F-11D3-BF4B-00C04F79EFBC}") = "Assembly-CSharp-Editor", "Assembly-CSharp-Editor.csproj", "{D997CABE-6252-871F-DA47-CDC8CB3F4C14}"
EndProject
Global
	GlobalSection(SolutionConfigurationPlatforms) = preSolution
		Debug|Any CPU = Debug|Any CPU
		Release|Any CPU = Release|Any CPU
	EndGlobalSection
	GlobalSection(ProjectConfigurationPlatforms) = postSolution
		{85BE06DE-60B1-2662-6B7F-4C0D98A93E7E}.Debug|Any CPU.ActiveCfg = Debug|Any CPU
		{85BE06DE-60B1-2662-6B7F-4C0D98A93E7E}.Debug|Any CPU.Build.0 = Debug|Any CPU
		{85BE06DE-60B1-2662-6B7F-4C0D98A93E7E}.Release|Any CPU.ActiveCfg = Release|Any CPU
		{85BE06DE-60B1-2662-6B7F-4C0D98A93E7E}.Release|Any CPU.Build.0 = Release|Any CPU
		{82290C5B-09E6-AFA5-E8D5-296B565C0305}.Debug|Any CPU.ActiveCfg = Debug|Any CPU
		{82290C5B-09E6-AFA5-E8D5-296B565C0305}.Debug|Any CPU.Build.0 = Debug|Any CPU
		{82290C5B-09E6-AFA5-E8D5-296B565C0305}.Release|Any CPU.ActiveCfg = Release|Any CPU
		{82290C5B-09E6-AFA5-E8D5-296B565C0305}.Release|Any CPU.Build.0 = Release|Any CPU
		{D997CABE-6252-871F-DA47-CDC8CB3F4C14}.Debug|Any CPU.ActiveCfg = Debug|Any CPU
		{D997CABE-6252-871F-DA47-CDC8CB3F4C14}.Debug|Any CPU.Build.0 = Debug|Any CPU
		{D997CABE-6252-871F-DA47-CDC8CB3F4C14}.Release|Any CPU.ActiveCfg = Release|Any CPU
		{D997CABE-6252-871F-DA47-CDC8CB3F4C14}.Release|Any CPU.Build.0 = Release|Any CPU
	EndGlobalSection
	GlobalSection(SolutionProperties) = preSolution
		HideSolutionNode = FALSE
	EndGlobalSection
	GlobalSection(MonoDevelopProperties) = preSolution
		StartupItem = Assembly-CSharp.csproj
	EndGlobalSection
EndGlobal
